// !$*UTF8*$!
{
	archiveVersion = 1;
	classes = {
	};
	objectVersion = 46;
	objects = {

/* Begin PBXBuildFile section */
		1A8F667016B5817000396E44 /* main.m in Sources */ = {isa = PBXBuildFile; fileRef = 1A8F666F16B5817000396E44 /* main.m */; };
		1A8F66A516B5FBB400396E44 /* MainMenu.xib in Resources */ = {isa = PBXBuildFile; fileRef = 1A8F66A316B5FBB400396E44 /* MainMenu.xib */; };
		1AB7FD8116B578740040BBCE /* Cocoa.framework in Frameworks */ = {isa = PBXBuildFile; fileRef = 1AB7FD8016B578740040BBCE /* Cocoa.framework */; };
		1AB7FE1816B57AEE0040BBCE /* NSApplication+LoginItems.m in Sources */ = {isa = PBXBuildFile; fileRef = 1AB7FDF216B57AEE0040BBCE /* NSApplication+LoginItems.m */; settings = {COMPILER_FLAGS = "-fno-objc-arc"; }; };
		1AB7FE3716B57B4E0040BBCE /* Security.framework in Frameworks */ = {isa = PBXBuildFile; fileRef = 1AB7FE3616B57B4E0040BBCE /* Security.framework */; };
		1AB7FE3B16B57B630040BBCE /* AccountDetail.xib in Resources */ = {isa = PBXBuildFile; fileRef = 1AB7FE3816B57B630040BBCE /* AccountDetail.xib */; };
		1AB7FE3C16B57B630040BBCE /* PreferencesAccounts.xib in Resources */ = {isa = PBXBuildFile; fileRef = 1AB7FE3916B57B630040BBCE /* PreferencesAccounts.xib */; };
		1AB7FE3D16B57B630040BBCE /* PreferencesSettings.xib in Resources */ = {isa = PBXBuildFile; fileRef = 1AB7FE3A16B57B630040BBCE /* PreferencesSettings.xib */; };
		1AB7FE4916B57B9C0040BBCE /* GNAccountDetailController.m in Sources */ = {isa = PBXBuildFile; fileRef = 1AB7FE4016B57B9C0040BBCE /* GNAccountDetailController.m */; };
		1AB7FE4A16B57B9C0040BBCE /* GNApplicationController.m in Sources */ = {isa = PBXBuildFile; fileRef = 1AB7FE4216B57B9C0040BBCE /* GNApplicationController.m */; };
		1AB7FE4B16B57B9C0040BBCE /* GNPreferencesController.m in Sources */ = {isa = PBXBuildFile; fileRef = 1AB7FE4416B57B9C0040BBCE /* GNPreferencesController.m */; };
		1AB7FE4C16B57B9C0040BBCE /* PrefsAccountsViewController.m in Sources */ = {isa = PBXBuildFile; fileRef = 1AB7FE4616B57B9C0040BBCE /* PrefsAccountsViewController.m */; };
		1AB7FE4D16B57B9C0040BBCE /* PrefsSettingsViewController.m in Sources */ = {isa = PBXBuildFile; fileRef = 1AB7FE4816B57B9C0040BBCE /* PrefsSettingsViewController.m */; };
		1AB7FE5816B57BAD0040BBCE /* GNAccount.m in Sources */ = {isa = PBXBuildFile; fileRef = 1AB7FE4F16B57BAD0040BBCE /* GNAccount.m */; };
		1AB7FE5916B57BAD0040BBCE /* GNBrowser.m in Sources */ = {isa = PBXBuildFile; fileRef = 1AB7FE5116B57BAD0040BBCE /* GNBrowser.m */; };
		1AB7FE5A16B57BAD0040BBCE /* GNChecker.m in Sources */ = {isa = PBXBuildFile; fileRef = 1AB7FE5316B57BAD0040BBCE /* GNChecker.m */; };
		1AB7FE5B16B57BAD0040BBCE /* GNPreferences.m in Sources */ = {isa = PBXBuildFile; fileRef = 1AB7FE5516B57BAD0040BBCE /* GNPreferences.m */; };
		1AB7FE5C16B57BAD0040BBCE /* GNSound.m in Sources */ = {isa = PBXBuildFile; fileRef = 1AB7FE5716B57BAD0040BBCE /* GNSound.m */; };
		1AB7FEE316B57C6B0040BBCE /* app_a.tiff in Resources */ = {isa = PBXBuildFile; fileRef = 1AB7FED416B57C6B0040BBCE /* app_a.tiff */; };
		1AB7FEE416B57C6B0040BBCE /* app_a@2x.tiff in Resources */ = {isa = PBXBuildFile; fileRef = 1AB7FED516B57C6B0040BBCE /* app_a@2x.tiff */; };
		1AB7FEE616B57C6B0040BBCE /* app.tiff in Resources */ = {isa = PBXBuildFile; fileRef = 1AB7FED716B57C6B0040BBCE /* app.tiff */; };
		1AB7FEE716B57C6B0040BBCE /* app@2x.tiff in Resources */ = {isa = PBXBuildFile; fileRef = 1AB7FED816B57C6B0040BBCE /* app@2x.tiff */; };
		1AB7FEE816B57C6B0040BBCE /* check_a.tiff in Resources */ = {isa = PBXBuildFile; fileRef = 1AB7FED916B57C6B0040BBCE /* check_a.tiff */; };
		1AB7FEE916B57C6B0040BBCE /* check_a@2x.tiff in Resources */ = {isa = PBXBuildFile; fileRef = 1AB7FEDA16B57C6B0040BBCE /* check_a@2x.tiff */; };
		1AB7FEEA16B57C6B0040BBCE /* check.tiff in Resources */ = {isa = PBXBuildFile; fileRef = 1AB7FEDB16B57C6B0040BBCE /* check.tiff */; };
		1AB7FEEB16B57C6B0040BBCE /* check@2x.tiff in Resources */ = {isa = PBXBuildFile; fileRef = 1AB7FEDC16B57C6B0040BBCE /* check@2x.tiff */; };
		1AB7FEEC16B57C6B0040BBCE /* error.tiff in Resources */ = {isa = PBXBuildFile; fileRef = 1AB7FEDD16B57C6B0040BBCE /* error.tiff */; };
		1AB7FEED16B57C6B0040BBCE /* error@2x.tiff in Resources */ = {isa = PBXBuildFile; fileRef = 1AB7FEDE16B57C6B0040BBCE /* error@2x.tiff */; };
		1AB7FEEE16B57C6B0040BBCE /* mail_a.tiff in Resources */ = {isa = PBXBuildFile; fileRef = 1AB7FEDF16B57C6B0040BBCE /* mail_a.tiff */; };
		1AB7FEEF16B57C6B0040BBCE /* mail_a@2x.tiff in Resources */ = {isa = PBXBuildFile; fileRef = 1AB7FEE016B57C6B0040BBCE /* mail_a@2x.tiff */; };
		1AB7FEF016B57C6B0040BBCE /* mail.tiff in Resources */ = {isa = PBXBuildFile; fileRef = 1AB7FEE116B57C6B0040BBCE /* mail.tiff */; };
		1AB7FEF116B57C6B0040BBCE /* mail@2x.tiff in Resources */ = {isa = PBXBuildFile; fileRef = 1AB7FEE216B57C6B0040BBCE /* mail@2x.tiff */; };
		1AB7FF0116B57D280040BBCE /* Credits.html in Resources */ = {isa = PBXBuildFile; fileRef = 1AB7FF0016B57D280040BBCE /* Credits.html */; };
		1AB7FF0616B57D510040BBCE /* InfoPlist.strings in Resources */ = {isa = PBXBuildFile; fileRef = 1AB7FF0216B57D510040BBCE /* InfoPlist.strings */; };
		1AB7FF0716B57D510040BBCE /* Localizable.strings in Resources */ = {isa = PBXBuildFile; fileRef = 1AB7FF0416B57D510040BBCE /* Localizable.strings */; };
		1ACD6FF01897FE3C00103E15 /* Images.xcassets in Resources */ = {isa = PBXBuildFile; fileRef = 1ACD6FEF1897FE3C00103E15 /* Images.xcassets */; };
		57FAFF128FD0443D9B7C2B68 /* libPods.a in Frameworks */ = {isa = PBXBuildFile; fileRef = CB4323DEE8514AE59A4FA9C9 /* libPods.a */; };
/* End PBXBuildFile section */

/* Begin PBXCopyFilesBuildPhase section */
		1A8F667416B5836700396E44 /* CopyFiles */ = {
			isa = PBXCopyFilesBuildPhase;
			buildActionMask = 2147483647;
			dstPath = "";
			dstSubfolderSpec = 10;
			files = (
			);
			runOnlyForDeploymentPostprocessing = 0;
		};
/* End PBXCopyFilesBuildPhase section */

/* Begin PBXFileReference section */
		1A8F666F16B5817000396E44 /* main.m */ = {isa = PBXFileReference; fileEncoding = 4; lastKnownFileType = sourcecode.c.objc; path = main.m; sourceTree = SOURCE_ROOT; };
		1A8F66A416B5FBB400396E44 /* English */ = {isa = PBXFileReference; lastKnownFileType = file.xib; name = English; path = Resources/English.lproj/MainMenu.xib; sourceTree = "<group>"; };
		1A8F66A616B5FC9400396E44 /* Spanish */ = {isa = PBXFileReference; fileEncoding = 10; lastKnownFileType = text.plist.strings; name = Spanish; path = Resources/Spanish.lproj/Localizable.strings; sourceTree = "<group>"; };
		1A8F66A916B5FDDC00396E44 /* fr-CA */ = {isa = PBXFileReference; fileEncoding = 10; lastKnownFileType = text.plist.strings; name = "fr-CA"; path = "Resources/fr-CA.lproj/Localizable.strings"; sourceTree = "<group>"; };
		1A8F66AA16B5FDF300396E44 /* zh-CN */ = {isa = PBXFileReference; fileEncoding = 10; lastKnownFileType = text.plist.strings; name = "zh-CN"; path = "Resources/zh-CN.lproj/Localizable.strings"; sourceTree = "<group>"; };
		1A8F66AC16B5FE7600396E44 /* nb */ = {isa = PBXFileReference; fileEncoding = 10; lastKnownFileType = text.plist.strings; name = nb; path = Resources/nb.lproj/Localizable.strings; sourceTree = "<group>"; };
		1AB7FD7C16B578740040BBCE /* Gmail Notifr.app */ = {isa = PBXFileReference; explicitFileType = wrapper.application; includeInIndex = 0; path = "Gmail Notifr.app"; sourceTree = BUILT_PRODUCTS_DIR; };
		1AB7FD8016B578740040BBCE /* Cocoa.framework */ = {isa = PBXFileReference; lastKnownFileType = wrapper.framework; name = Cocoa.framework; path = System/Library/Frameworks/Cocoa.framework; sourceTree = SDKROOT; };
		1AB7FD8316B578740040BBCE /* AppKit.framework */ = {isa = PBXFileReference; lastKnownFileType = wrapper.framework; name = AppKit.framework; path = System/Library/Frameworks/AppKit.framework; sourceTree = SDKROOT; };
		1AB7FD8416B578740040BBCE /* CoreData.framework */ = {isa = PBXFileReference; lastKnownFileType = wrapper.framework; name = CoreData.framework; path = System/Library/Frameworks/CoreData.framework; sourceTree = SDKROOT; };
		1AB7FD8516B578740040BBCE /* Foundation.framework */ = {isa = PBXFileReference; lastKnownFileType = wrapper.framework; name = Foundation.framework; path = System/Library/Frameworks/Foundation.framework; sourceTree = SDKROOT; };
		1AB7FDA116B57A270040BBCE /* GmailNotifr_Prefix.pch */ = {isa = PBXFileReference; fileEncoding = 4; lastKnownFileType = sourcecode.c.h; path = GmailNotifr_Prefix.pch; sourceTree = SOURCE_ROOT; };
		1AB7FDA316B57A270040BBCE /* Info.plist */ = {isa = PBXFileReference; fileEncoding = 4; lastKnownFileType = text.plist.xml; path = Info.plist; sourceTree = SOURCE_ROOT; };
		1AB7FDF116B57AEE0040BBCE /* NSApplication+LoginItems.h */ = {isa = PBXFileReference; fileEncoding = 4; lastKnownFileType = sourcecode.c.h; path = "NSApplication+LoginItems.h"; sourceTree = "<group>"; };
		1AB7FDF216B57AEE0040BBCE /* NSApplication+LoginItems.m */ = {isa = PBXFileReference; fileEncoding = 4; lastKnownFileType = sourcecode.c.objc; path = "NSApplication+LoginItems.m"; sourceTree = "<group>"; };
		1AB7FE3616B57B4E0040BBCE /* Security.framework */ = {isa = PBXFileReference; lastKnownFileType = wrapper.framework; name = Security.framework; path = System/Library/Frameworks/Security.framework; sourceTree = SDKROOT; };
		1AB7FE3816B57B630040BBCE /* AccountDetail.xib */ = {isa = PBXFileReference; fileEncoding = 4; lastKnownFileType = file.xib; name = AccountDetail.xib; path = Resources/AccountDetail.xib; sourceTree = "<group>"; };
		1AB7FE3916B57B630040BBCE /* PreferencesAccounts.xib */ = {isa = PBXFileReference; fileEncoding = 4; lastKnownFileType = file.xib; name = PreferencesAccounts.xib; path = Resources/PreferencesAccounts.xib; sourceTree = "<group>"; };
		1AB7FE3A16B57B630040BBCE /* PreferencesSettings.xib */ = {isa = PBXFileReference; fileEncoding = 4; lastKnownFileType = file.xib; name = PreferencesSettings.xib; path = Resources/PreferencesSettings.xib; sourceTree = "<group>"; };
		1AB7FE3F16B57B9C0040BBCE /* GNAccountDetailController.h */ = {isa = PBXFileReference; fileEncoding = 4; lastKnownFileType = sourcecode.c.h; name = GNAccountDetailController.h; path = Classes/GNAccountDetailController.h; sourceTree = "<group>"; };
		1AB7FE4016B57B9C0040BBCE /* GNAccountDetailController.m */ = {isa = PBXFileReference; fileEncoding = 4; lastKnownFileType = sourcecode.c.objc; name = GNAccountDetailController.m; path = Classes/GNAccountDetailController.m; sourceTree = "<group>"; };
		1AB7FE4116B57B9C0040BBCE /* GNApplicationController.h */ = {isa = PBXFileReference; fileEncoding = 4; lastKnownFileType = sourcecode.c.h; name = GNApplicationController.h; path = Classes/GNApplicationController.h; sourceTree = "<group>"; };
		1AB7FE4216B57B9C0040BBCE /* GNApplicationController.m */ = {isa = PBXFileReference; fileEncoding = 4; lastKnownFileType = sourcecode.c.objc; name = GNApplicationController.m; path = Classes/GNApplicationController.m; sourceTree = "<group>"; };
		1AB7FE4316B57B9C0040BBCE /* GNPreferencesController.h */ = {isa = PBXFileReference; fileEncoding = 4; lastKnownFileType = sourcecode.c.h; name = GNPreferencesController.h; path = Classes/GNPreferencesController.h; sourceTree = "<group>"; };
		1AB7FE4416B57B9C0040BBCE /* GNPreferencesController.m */ = {isa = PBXFileReference; fileEncoding = 4; lastKnownFileType = sourcecode.c.objc; name = GNPreferencesController.m; path = Classes/GNPreferencesController.m; sourceTree = "<group>"; };
		1AB7FE4516B57B9C0040BBCE /* PrefsAccountsViewController.h */ = {isa = PBXFileReference; fileEncoding = 4; lastKnownFileType = sourcecode.c.h; name = PrefsAccountsViewController.h; path = Classes/PrefsAccountsViewController.h; sourceTree = "<group>"; };
		1AB7FE4616B57B9C0040BBCE /* PrefsAccountsViewController.m */ = {isa = PBXFileReference; fileEncoding = 4; lastKnownFileType = sourcecode.c.objc; name = PrefsAccountsViewController.m; path = Classes/PrefsAccountsViewController.m; sourceTree = "<group>"; };
		1AB7FE4716B57B9C0040BBCE /* PrefsSettingsViewController.h */ = {isa = PBXFileReference; fileEncoding = 4; lastKnownFileType = sourcecode.c.h; name = PrefsSettingsViewController.h; path = Classes/PrefsSettingsViewController.h; sourceTree = "<group>"; };
		1AB7FE4816B57B9C0040BBCE /* PrefsSettingsViewController.m */ = {isa = PBXFileReference; fileEncoding = 4; lastKnownFileType = sourcecode.c.objc; name = PrefsSettingsViewController.m; path = Classes/PrefsSettingsViewController.m; sourceTree = "<group>"; };
		1AB7FE4E16B57BAD0040BBCE /* GNAccount.h */ = {isa = PBXFileReference; fileEncoding = 4; lastKnownFileType = sourcecode.c.h; name = GNAccount.h; path = Classes/GNAccount.h; sourceTree = "<group>"; };
		1AB7FE4F16B57BAD0040BBCE /* GNAccount.m */ = {isa = PBXFileReference; fileEncoding = 4; lastKnownFileType = sourcecode.c.objc; name = GNAccount.m; path = Classes/GNAccount.m; sourceTree = "<group>"; };
		1AB7FE5016B57BAD0040BBCE /* GNBrowser.h */ = {isa = PBXFileReference; fileEncoding = 4; lastKnownFileType = sourcecode.c.h; name = GNBrowser.h; path = Classes/GNBrowser.h; sourceTree = "<group>"; };
		1AB7FE5116B57BAD0040BBCE /* GNBrowser.m */ = {isa = PBXFileReference; fileEncoding = 4; lastKnownFileType = sourcecode.c.objc; name = GNBrowser.m; path = Classes/GNBrowser.m; sourceTree = "<group>"; };
		1AB7FE5216B57BAD0040BBCE /* GNChecker.h */ = {isa = PBXFileReference; fileEncoding = 4; lastKnownFileType = sourcecode.c.h; name = GNChecker.h; path = Classes/GNChecker.h; sourceTree = "<group>"; };
		1AB7FE5316B57BAD0040BBCE /* GNChecker.m */ = {isa = PBXFileReference; fileEncoding = 4; lastKnownFileType = sourcecode.c.objc; name = GNChecker.m; path = Classes/GNChecker.m; sourceTree = "<group>"; };
		1AB7FE5416B57BAD0040BBCE /* GNPreferences.h */ = {isa = PBXFileReference; fileEncoding = 4; lastKnownFileType = sourcecode.c.h; name = GNPreferences.h; path = Classes/GNPreferences.h; sourceTree = "<group>"; };
		1AB7FE5516B57BAD0040BBCE /* GNPreferences.m */ = {isa = PBXFileReference; fileEncoding = 4; lastKnownFileType = sourcecode.c.objc; name = GNPreferences.m; path = Classes/GNPreferences.m; sourceTree = "<group>"; };
		1AB7FE5616B57BAD0040BBCE /* GNSound.h */ = {isa = PBXFileReference; fileEncoding = 4; lastKnownFileType = sourcecode.c.h; name = GNSound.h; path = Classes/GNSound.h; sourceTree = "<group>"; };
		1AB7FE5716B57BAD0040BBCE /* GNSound.m */ = {isa = PBXFileReference; fileEncoding = 4; lastKnownFileType = sourcecode.c.objc; name = GNSound.m; path = Classes/GNSound.m; sourceTree = "<group>"; };
		1AB7FED416B57C6B0040BBCE /* app_a.tiff */ = {isa = PBXFileReference; lastKnownFileType = image.tiff; name = app_a.tiff; path = Resources/app_a.tiff; sourceTree = "<group>"; };
		1AB7FED516B57C6B0040BBCE /* app_a@2x.tiff */ = {isa = PBXFileReference; lastKnownFileType = image.tiff; name = "app_a@2x.tiff"; path = "Resources/app_a@2x.tiff"; sourceTree = "<group>"; };
		1AB7FED716B57C6B0040BBCE /* app.tiff */ = {isa = PBXFileReference; lastKnownFileType = image.tiff; name = app.tiff; path = Resources/app.tiff; sourceTree = "<group>"; };
		1AB7FED816B57C6B0040BBCE /* app@2x.tiff */ = {isa = PBXFileReference; lastKnownFileType = image.tiff; name = "app@2x.tiff"; path = "Resources/app@2x.tiff"; sourceTree = "<group>"; };
		1AB7FED916B57C6B0040BBCE /* check_a.tiff */ = {isa = PBXFileReference; lastKnownFileType = image.tiff; name = check_a.tiff; path = Resources/check_a.tiff; sourceTree = "<group>"; };
		1AB7FEDA16B57C6B0040BBCE /* check_a@2x.tiff */ = {isa = PBXFileReference; lastKnownFileType = image.tiff; name = "check_a@2x.tiff"; path = "Resources/check_a@2x.tiff"; sourceTree = "<group>"; };
		1AB7FEDB16B57C6B0040BBCE /* check.tiff */ = {isa = PBXFileReference; lastKnownFileType = image.tiff; name = check.tiff; path = Resources/check.tiff; sourceTree = "<group>"; };
		1AB7FEDC16B57C6B0040BBCE /* check@2x.tiff */ = {isa = PBXFileReference; lastKnownFileType = image.tiff; name = "check@2x.tiff"; path = "Resources/check@2x.tiff"; sourceTree = "<group>"; };
		1AB7FEDD16B57C6B0040BBCE /* error.tiff */ = {isa = PBXFileReference; lastKnownFileType = image.tiff; name = error.tiff; path = Resources/error.tiff; sourceTree = "<group>"; };
		1AB7FEDE16B57C6B0040BBCE /* error@2x.tiff */ = {isa = PBXFileReference; lastKnownFileType = image.tiff; name = "error@2x.tiff"; path = "Resources/error@2x.tiff"; sourceTree = "<group>"; };
		1AB7FEDF16B57C6B0040BBCE /* mail_a.tiff */ = {isa = PBXFileReference; lastKnownFileType = image.tiff; name = mail_a.tiff; path = Resources/mail_a.tiff; sourceTree = "<group>"; };
		1AB7FEE016B57C6B0040BBCE /* mail_a@2x.tiff */ = {isa = PBXFileReference; lastKnownFileType = image.tiff; name = "mail_a@2x.tiff"; path = "Resources/mail_a@2x.tiff"; sourceTree = "<group>"; };
		1AB7FEE116B57C6B0040BBCE /* mail.tiff */ = {isa = PBXFileReference; lastKnownFileType = image.tiff; name = mail.tiff; path = Resources/mail.tiff; sourceTree = "<group>"; };
		1AB7FEE216B57C6B0040BBCE /* mail@2x.tiff */ = {isa = PBXFileReference; lastKnownFileType = image.tiff; name = "mail@2x.tiff"; path = "Resources/mail@2x.tiff"; sourceTree = "<group>"; };
		1AB7FF0016B57D280040BBCE /* Credits.html */ = {isa = PBXFileReference; fileEncoding = 4; lastKnownFileType = text.html; name = Credits.html; path = Resources/Credits.html; sourceTree = SOURCE_ROOT; };
		1AB7FF0316B57D510040BBCE /* English */ = {isa = PBXFileReference; lastKnownFileType = text.plist.strings; name = English; path = Resources/English.lproj/InfoPlist.strings; sourceTree = "<group>"; };
		1AB7FF0516B57D510040BBCE /* English */ = {isa = PBXFileReference; fileEncoding = 10; lastKnownFileType = text.plist.strings; name = English; path = Resources/English.lproj/Localizable.strings; sourceTree = "<group>"; };
		1AB7FF0816B57D600040BBCE /* Catalan */ = {isa = PBXFileReference; fileEncoding = 10; lastKnownFileType = text.plist.strings; name = Catalan; path = Resources/Catalan.lproj/Localizable.strings; sourceTree = "<group>"; };
		1AB7FF5416B57D910040BBCE /* French */ = {isa = PBXFileReference; fileEncoding = 10; lastKnownFileType = text.plist.strings; name = French; path = Resources/French.lproj/Localizable.strings; sourceTree = "<group>"; };
		1AB7FF5516B57DA20040BBCE /* German */ = {isa = PBXFileReference; fileEncoding = 10; lastKnownFileType = text.plist.strings; name = German; path = Resources/German.lproj/Localizable.strings; sourceTree = "<group>"; };
		1AB7FF5616B57DAC0040BBCE /* Italian */ = {isa = PBXFileReference; fileEncoding = 10; lastKnownFileType = text.plist.strings; name = Italian; path = Resources/Italian.lproj/Localizable.strings; sourceTree = "<group>"; };
		1AB7FF5716B57DB70040BBCE /* Japanese */ = {isa = PBXFileReference; fileEncoding = 10; lastKnownFileType = text.plist.strings; name = Japanese; path = Resources/Japanese.lproj/Localizable.strings; sourceTree = "<group>"; };
		1AB7FF5816B57DC40040BBCE /* nl */ = {isa = PBXFileReference; fileEncoding = 10; lastKnownFileType = text.plist.strings; name = nl; path = Resources/nl.lproj/Localizable.strings; sourceTree = "<group>"; };
		1AB7FF5A16B57DE30040BBCE /* ru */ = {isa = PBXFileReference; fileEncoding = 10; lastKnownFileType = text.plist.strings; name = ru; path = Resources/ru.lproj/Localizable.strings; sourceTree = "<group>"; };
		1ACD6FEE1897F56300103E15 /* Gmail Notifr.entitlements */ = {isa = PBXFileReference; lastKnownFileType = text.xml; path = "Gmail Notifr.entitlements"; sourceTree = SOURCE_ROOT; };
		1ACD6FEF1897FE3C00103E15 /* Images.xcassets */ = {isa = PBXFileReference; lastKnownFileType = folder.assetcatalog; name = Images.xcassets; path = "Gmail Notifr/Images.xcassets"; sourceTree = "<group>"; };
		305081CBF585414684382940 /* Pods.xcconfig */ = {isa = PBXFileReference; includeInIndex = 1; lastKnownFileType = text.xcconfig; name = Pods.xcconfig; path = Pods/Pods.xcconfig; sourceTree = SOURCE_ROOT; };
		61DA8B2817129CA800B37FE0 /* ko */ = {isa = PBXFileReference; lastKnownFileType = text.plist.strings; name = ko; path = Resources/ko.lproj/Localizable.strings; sourceTree = "<group>"; };
		CB4323DEE8514AE59A4FA9C9 /* libPods.a */ = {isa = PBXFileReference; explicitFileType = archive.ar; includeInIndex = 0; path = libPods.a; sourceTree = BUILT_PRODUCTS_DIR; };
/* End PBXFileReference section */

/* Begin PBXFrameworksBuildPhase section */
		1AB7FD7916B578740040BBCE /* Frameworks */ = {
			isa = PBXFrameworksBuildPhase;
			buildActionMask = 2147483647;
			files = (
				1AB7FE3716B57B4E0040BBCE /* Security.framework in Frameworks */,
				1AB7FD8116B578740040BBCE /* Cocoa.framework in Frameworks */,
				57FAFF128FD0443D9B7C2B68 /* libPods.a in Frameworks */,
			);
			runOnlyForDeploymentPostprocessing = 0;
		};
/* End PBXFrameworksBuildPhase section */

/* Begin PBXGroup section */
		1A8F666C16B5809100396E44 /* Classes */ = {
			isa = PBXGroup;
			children = (
				1AB7FDEE16B57AE10040BBCE /* Vendor */,
				1AB7FDA916B57A940040BBCE /* Models */,
				1AB7FDA716B57A780040BBCE /* Controllers */,
				1AB7FDA816B57A830040BBCE /* Views */,
			);
			name = Classes;
			sourceTree = "<group>";
		};
		1AB7FD7116B578740040BBCE = {
			isa = PBXGroup;
			children = (
				1A8F666C16B5809100396E44 /* Classes */,
				1AB7FE3E16B57B740040BBCE /* Resources */,
				1AB7FD8716B578740040BBCE /* Supporting Files */,
				1AB7FD7F16B578740040BBCE /* Frameworks */,
				1AB7FD7D16B578740040BBCE /* Products */,
			);
			sourceTree = "<group>";
		};
		1AB7FD7D16B578740040BBCE /* Products */ = {
			isa = PBXGroup;
			children = (
				1AB7FD7C16B578740040BBCE /* Gmail Notifr.app */,
			);
			name = Products;
			sourceTree = "<group>";
		};
		1AB7FD7F16B578740040BBCE /* Frameworks */ = {
			isa = PBXGroup;
			children = (
				1AB7FE3616B57B4E0040BBCE /* Security.framework */,
				1AB7FD8016B578740040BBCE /* Cocoa.framework */,
				1AB7FD8216B578740040BBCE /* Other Frameworks */,
				CB4323DEE8514AE59A4FA9C9 /* libPods.a */,
			);
			name = Frameworks;
			sourceTree = "<group>";
		};
		1AB7FD8216B578740040BBCE /* Other Frameworks */ = {
			isa = PBXGroup;
			children = (
				1AB7FD8316B578740040BBCE /* AppKit.framework */,
				1AB7FD8416B578740040BBCE /* CoreData.framework */,
				1AB7FD8516B578740040BBCE /* Foundation.framework */,
			);
			name = "Other Frameworks";
			sourceTree = "<group>";
		};
		1AB7FD8716B578740040BBCE /* Supporting Files */ = {
			isa = PBXGroup;
			children = (
				1A8F666F16B5817000396E44 /* main.m */,
				1AB7FDA116B57A270040BBCE /* GmailNotifr_Prefix.pch */,
				1AB7FDA316B57A270040BBCE /* Info.plist */,
				1ACD6FEE1897F56300103E15 /* Gmail Notifr.entitlements */,
				305081CBF585414684382940 /* Pods.xcconfig */,
			);
			name = "Supporting Files";
			path = "Gmail Notifr";
			sourceTree = "<group>";
		};
		1AB7FDA716B57A780040BBCE /* Controllers */ = {
			isa = PBXGroup;
			children = (
				1AB7FE4116B57B9C0040BBCE /* GNApplicationController.h */,
				1AB7FE4216B57B9C0040BBCE /* GNApplicationController.m */,
				1AB7FE4316B57B9C0040BBCE /* GNPreferencesController.h */,
				1AB7FE4416B57B9C0040BBCE /* GNPreferencesController.m */,
				1AB7FE3F16B57B9C0040BBCE /* GNAccountDetailController.h */,
				1AB7FE4016B57B9C0040BBCE /* GNAccountDetailController.m */,
				1AB7FE4516B57B9C0040BBCE /* PrefsAccountsViewController.h */,
				1AB7FE4616B57B9C0040BBCE /* PrefsAccountsViewController.m */,
				1AB7FE4716B57B9C0040BBCE /* PrefsSettingsViewController.h */,
				1AB7FE4816B57B9C0040BBCE /* PrefsSettingsViewController.m */,
			);
			name = Controllers;
			sourceTree = "<group>";
		};
		1AB7FDA816B57A830040BBCE /* Views */ = {
			isa = PBXGroup;
			children = (
				1A8F66A316B5FBB400396E44 /* MainMenu.xib */,
				1AB7FE3816B57B630040BBCE /* AccountDetail.xib */,
				1AB7FE3916B57B630040BBCE /* PreferencesAccounts.xib */,
				1AB7FE3A16B57B630040BBCE /* PreferencesSettings.xib */,
			);
			name = Views;
			sourceTree = "<group>";
		};
		1AB7FDA916B57A940040BBCE /* Models */ = {
			isa = PBXGroup;
			children = (
				1AB7FE4E16B57BAD0040BBCE /* GNAccount.h */,
				1AB7FE4F16B57BAD0040BBCE /* GNAccount.m */,
				1AB7FE5016B57BAD0040BBCE /* GNBrowser.h */,
				1AB7FE5116B57BAD0040BBCE /* GNBrowser.m */,
				1AB7FE5216B57BAD0040BBCE /* GNChecker.h */,
				1AB7FE5316B57BAD0040BBCE /* GNChecker.m */,
				1AB7FE5416B57BAD0040BBCE /* GNPreferences.h */,
				1AB7FE5516B57BAD0040BBCE /* GNPreferences.m */,
				1AB7FE5616B57BAD0040BBCE /* GNSound.h */,
				1AB7FE5716B57BAD0040BBCE /* GNSound.m */,
			);
			name = Models;
			sourceTree = "<group>";
		};
		1AB7FDEE16B57AE10040BBCE /* Vendor */ = {
			isa = PBXGroup;
			children = (
				1AB7FDEF16B57AEE0040BBCE /* NSAppLoginItems */,
			);
			name = Vendor;
			sourceTree = "<group>";
		};
		1AB7FDEF16B57AEE0040BBCE /* NSAppLoginItems */ = {
			isa = PBXGroup;
			children = (
				1AB7FDF116B57AEE0040BBCE /* NSApplication+LoginItems.h */,
				1AB7FDF216B57AEE0040BBCE /* NSApplication+LoginItems.m */,
			);
			name = NSAppLoginItems;
			path = Libs/NSAppLoginItems;
			sourceTree = "<group>";
		};
		1AB7FE3E16B57B740040BBCE /* Resources */ = {
			isa = PBXGroup;
			children = (
				1ACD6FEF1897FE3C00103E15 /* Images.xcassets */,
				1AB7FED316B57C520040BBCE /* Icons */,
				1AB7FF0216B57D510040BBCE /* InfoPlist.strings */,
				1AB7FF0416B57D510040BBCE /* Localizable.strings */,
				1AB7FF0016B57D280040BBCE /* Credits.html */,
			);
			name = Resources;
			sourceTree = "<group>";
		};
		1AB7FED316B57C520040BBCE /* Icons */ = {
			isa = PBXGroup;
			children = (
				1AB7FED416B57C6B0040BBCE /* app_a.tiff */,
				1AB7FED516B57C6B0040BBCE /* app_a@2x.tiff */,
				1AB7FED716B57C6B0040BBCE /* app.tiff */,
				1AB7FED816B57C6B0040BBCE /* app@2x.tiff */,
				1AB7FED916B57C6B0040BBCE /* check_a.tiff */,
				1AB7FEDA16B57C6B0040BBCE /* check_a@2x.tiff */,
				1AB7FEDB16B57C6B0040BBCE /* check.tiff */,
				1AB7FEDC16B57C6B0040BBCE /* check@2x.tiff */,
				1AB7FEDD16B57C6B0040BBCE /* error.tiff */,
				1AB7FEDE16B57C6B0040BBCE /* error@2x.tiff */,
				1AB7FEDF16B57C6B0040BBCE /* mail_a.tiff */,
				1AB7FEE016B57C6B0040BBCE /* mail_a@2x.tiff */,
				1AB7FEE116B57C6B0040BBCE /* mail.tiff */,
				1AB7FEE216B57C6B0040BBCE /* mail@2x.tiff */,
			);
			name = Icons;
			sourceTree = "<group>";
		};
/* End PBXGroup section */

/* Begin PBXNativeTarget section */
		1AB7FD7B16B578740040BBCE /* Gmail Notifr */ = {
			isa = PBXNativeTarget;
			buildConfigurationList = 1AB7FD9A16B578740040BBCE /* Build configuration list for PBXNativeTarget "Gmail Notifr" */;
			buildPhases = (
				3FD9F5F8CDFE4E0B85D996B1 /* Check Pods Manifest.lock */,
				1AB7FD7816B578740040BBCE /* Sources */,
				1AB7FD7916B578740040BBCE /* Frameworks */,
				1AB7FD7A16B578740040BBCE /* Resources */,
				1A8F667416B5836700396E44 /* CopyFiles */,
				02DC7EDF0107491FB89FF76A /* Copy Pods Resources */,
			);
			buildRules = (
			);
			dependencies = (
			);
			name = "Gmail Notifr";
			productName = "Gmail Notifr";
			productReference = 1AB7FD7C16B578740040BBCE /* Gmail Notifr.app */;
			productType = "com.apple.product-type.application";
		};
/* End PBXNativeTarget section */

/* Begin PBXProject section */
		1AB7FD7316B578740040BBCE /* Project object */ = {
			isa = PBXProject;
			attributes = {
				LastUpgradeCheck = 0500;
				ORGANIZATIONNAME = ashchan.com;
				TargetAttributes = {
					1AB7FD7B16B578740040BBCE = {
						DevelopmentTeam = 9A3W22M8YB;
						SystemCapabilities = {
							com.apple.Sandbox = {
								enabled = 1;
							};
						};
					};
				};
			};
			buildConfigurationList = 1AB7FD7616B578740040BBCE /* Build configuration list for PBXProject "Gmail Notifr" */;
			compatibilityVersion = "Xcode 3.2";
			developmentRegion = English;
			hasScannedForEncodings = 0;
			knownRegions = (
				en,
				Catalan,
				English,
				French,
				German,
				Italian,
				Japanese,
				nl,
				ru,
				Spanish,
				nb,
				"zh-Hans",
				"fr-CA",
				"zh-CN",
				ko,
			);
			mainGroup = 1AB7FD7116B578740040BBCE;
			productRefGroup = 1AB7FD7D16B578740040BBCE /* Products */;
			projectDirPath = "";
			projectRoot = "";
			targets = (
				1AB7FD7B16B578740040BBCE /* Gmail Notifr */,
			);
		};
/* End PBXProject section */

/* Begin PBXResourcesBuildPhase section */
		1AB7FD7A16B578740040BBCE /* Resources */ = {
			isa = PBXResourcesBuildPhase;
			buildActionMask = 2147483647;
			files = (
				1AB7FE3B16B57B630040BBCE /* AccountDetail.xib in Resources */,
				1ACD6FF01897FE3C00103E15 /* Images.xcassets in Resources */,
				1AB7FE3C16B57B630040BBCE /* PreferencesAccounts.xib in Resources */,
				1AB7FE3D16B57B630040BBCE /* PreferencesSettings.xib in Resources */,
				1AB7FEE316B57C6B0040BBCE /* app_a.tiff in Resources */,
				1AB7FEE416B57C6B0040BBCE /* app_a@2x.tiff in Resources */,
				1AB7FEE616B57C6B0040BBCE /* app.tiff in Resources */,
				1AB7FEE716B57C6B0040BBCE /* app@2x.tiff in Resources */,
				1AB7FEE816B57C6B0040BBCE /* check_a.tiff in Resources */,
				1AB7FEE916B57C6B0040BBCE /* check_a@2x.tiff in Resources */,
				1AB7FEEA16B57C6B0040BBCE /* check.tiff in Resources */,
				1AB7FEEB16B57C6B0040BBCE /* check@2x.tiff in Resources */,
				1AB7FEEC16B57C6B0040BBCE /* error.tiff in Resources */,
				1AB7FEED16B57C6B0040BBCE /* error@2x.tiff in Resources */,
				1AB7FEEE16B57C6B0040BBCE /* mail_a.tiff in Resources */,
				1AB7FEEF16B57C6B0040BBCE /* mail_a@2x.tiff in Resources */,
				1AB7FEF016B57C6B0040BBCE /* mail.tiff in Resources */,
				1AB7FEF116B57C6B0040BBCE /* mail@2x.tiff in Resources */,
				1AB7FF0116B57D280040BBCE /* Credits.html in Resources */,
				1AB7FF0616B57D510040BBCE /* InfoPlist.strings in Resources */,
				1AB7FF0716B57D510040BBCE /* Localizable.strings in Resources */,
				1A8F66A516B5FBB400396E44 /* MainMenu.xib in Resources */,
			);
			runOnlyForDeploymentPostprocessing = 0;
		};
/* End PBXResourcesBuildPhase section */

/* Begin PBXShellScriptBuildPhase section */
		02DC7EDF0107491FB89FF76A /* Copy Pods Resources */ = {
			isa = PBXShellScriptBuildPhase;
			buildActionMask = 2147483647;
			files = (
			);
			inputPaths = (
			);
			name = "Copy Pods Resources";
			outputPaths = (
			);
			runOnlyForDeploymentPostprocessing = 0;
			shellPath = /bin/sh;
			shellScript = "\"${SRCROOT}/Pods/Pods-resources.sh\"\n";
			showEnvVarsInLog = 0;
		};
		3FD9F5F8CDFE4E0B85D996B1 /* Check Pods Manifest.lock */ = {
			isa = PBXShellScriptBuildPhase;
			buildActionMask = 2147483647;
			files = (
			);
			inputPaths = (
			);
			name = "Check Pods Manifest.lock";
			outputPaths = (
			);
			runOnlyForDeploymentPostprocessing = 0;
			shellPath = /bin/sh;
			shellScript = "diff \"${PODS_ROOT}/../Podfile.lock\" \"${PODS_ROOT}/Manifest.lock\" > /dev/null\nif [[ $? != 0 ]] ; then\n    cat << EOM\nerror: The sandbox is not in sync with the Podfile.lock. Run 'pod install' or update your CocoaPods installation.\nEOM\n    exit 1\nfi\n";
			showEnvVarsInLog = 0;
		};
/* End PBXShellScriptBuildPhase section */

/* Begin PBXSourcesBuildPhase section */
		1AB7FD7816B578740040BBCE /* Sources */ = {
			isa = PBXSourcesBuildPhase;
			buildActionMask = 2147483647;
			files = (
				1AB7FE1816B57AEE0040BBCE /* NSApplication+LoginItems.m in Sources */,
				1AB7FE4916B57B9C0040BBCE /* GNAccountDetailController.m in Sources */,
				1AB7FE4A16B57B9C0040BBCE /* GNApplicationController.m in Sources */,
				1AB7FE4B16B57B9C0040BBCE /* GNPreferencesController.m in Sources */,
				1AB7FE4C16B57B9C0040BBCE /* PrefsAccountsViewController.m in Sources */,
				1AB7FE4D16B57B9C0040BBCE /* PrefsSettingsViewController.m in Sources */,
				1AB7FE5816B57BAD0040BBCE /* GNAccount.m in Sources */,
				1AB7FE5916B57BAD0040BBCE /* GNBrowser.m in Sources */,
				1AB7FE5A16B57BAD0040BBCE /* GNChecker.m in Sources */,
				1AB7FE5B16B57BAD0040BBCE /* GNPreferences.m in Sources */,
				1AB7FE5C16B57BAD0040BBCE /* GNSound.m in Sources */,
				1A8F667016B5817000396E44 /* main.m in Sources */,
			);
			runOnlyForDeploymentPostprocessing = 0;
		};
/* End PBXSourcesBuildPhase section */

/* Begin PBXVariantGroup section */
		1A8F66A316B5FBB400396E44 /* MainMenu.xib */ = {
			isa = PBXVariantGroup;
			children = (
				1A8F66A416B5FBB400396E44 /* English */,
			);
			name = MainMenu.xib;
			sourceTree = "<group>";
		};
		1AB7FF0216B57D510040BBCE /* InfoPlist.strings */ = {
			isa = PBXVariantGroup;
			children = (
				1AB7FF0316B57D510040BBCE /* English */,
			);
			name = InfoPlist.strings;
			sourceTree = "<group>";
		};
		1AB7FF0416B57D510040BBCE /* Localizable.strings */ = {
			isa = PBXVariantGroup;
			children = (
				1AB7FF0516B57D510040BBCE /* English */,
				1AB7FF0816B57D600040BBCE /* Catalan */,
				1AB7FF5416B57D910040BBCE /* French */,
				1AB7FF5516B57DA20040BBCE /* German */,
				1AB7FF5616B57DAC0040BBCE /* Italian */,
				1AB7FF5716B57DB70040BBCE /* Japanese */,
				1AB7FF5816B57DC40040BBCE /* nl */,
				1AB7FF5A16B57DE30040BBCE /* ru */,
				1A8F66A616B5FC9400396E44 /* Spanish */,
				1A8F66A916B5FDDC00396E44 /* fr-CA */,
				1A8F66AA16B5FDF300396E44 /* zh-CN */,
				1A8F66AC16B5FE7600396E44 /* nb */,
				61DA8B2817129CA800B37FE0 /* ko */,
			);
			name = Localizable.strings;
			sourceTree = "<group>";
		};
/* End PBXVariantGroup section */

/* Begin XCBuildConfiguration section */
		1AB7FD9816B578740040BBCE /* Debug */ = {
			isa = XCBuildConfiguration;
			buildSettings = {
				ALWAYS_SEARCH_USER_PATHS = NO;
				CLANG_CXX_LANGUAGE_STANDARD = "gnu++0x";
				CLANG_CXX_LIBRARY = "libc++";
				CLANG_ENABLE_OBJC_ARC = YES;
				CLANG_WARN_EMPTY_BODY = YES;
				CLANG_WARN__DUPLICATE_METHOD_MATCH = YES;
				COPY_PHASE_STRIP = NO;
				GCC_C_LANGUAGE_STANDARD = gnu99;
				GCC_DYNAMIC_NO_PIC = NO;
				GCC_ENABLE_OBJC_EXCEPTIONS = YES;
				GCC_OPTIMIZATION_LEVEL = 0;
				GCC_PREPROCESSOR_DEFINITIONS = (
					"DEBUG=1",
					"$(inherited)",
				);
				GCC_SYMBOLS_PRIVATE_EXTERN = NO;
				GCC_WARN_64_TO_32_BIT_CONVERSION = YES;
				GCC_WARN_ABOUT_RETURN_TYPE = YES;
				GCC_WARN_UNINITIALIZED_AUTOS = YES;
				GCC_WARN_UNUSED_VARIABLE = YES;
				MACOSX_DEPLOYMENT_TARGET = 10.7;
				ONLY_ACTIVE_ARCH = YES;
				SDKROOT = macosx;
			};
			name = Debug;
		};
		1AB7FD9916B578740040BBCE /* Release */ = {
			isa = XCBuildConfiguration;
			buildSettings = {
				ALWAYS_SEARCH_USER_PATHS = NO;
				CLANG_CXX_LANGUAGE_STANDARD = "gnu++0x";
				CLANG_CXX_LIBRARY = "libc++";
				CLANG_ENABLE_OBJC_ARC = YES;
				CLANG_WARN_EMPTY_BODY = YES;
				CLANG_WARN__DUPLICATE_METHOD_MATCH = YES;
				COPY_PHASE_STRIP = YES;
				DEBUG_INFORMATION_FORMAT = "dwarf-with-dsym";
				GCC_C_LANGUAGE_STANDARD = gnu99;
				GCC_ENABLE_OBJC_EXCEPTIONS = YES;
				GCC_WARN_64_TO_32_BIT_CONVERSION = YES;
				GCC_WARN_ABOUT_RETURN_TYPE = YES;
				GCC_WARN_UNINITIALIZED_AUTOS = YES;
				GCC_WARN_UNUSED_VARIABLE = YES;
				MACOSX_DEPLOYMENT_TARGET = 10.7;
				SDKROOT = macosx;
			};
			name = Release;
		};
		1AB7FD9B16B578740040BBCE /* Debug */ = {
			isa = XCBuildConfiguration;
			baseConfigurationReference = 305081CBF585414684382940 /* Pods.xcconfig */;
			buildSettings = {
				ASSETCATALOG_COMPILER_APPICON_NAME = AppIcon;
				CODE_SIGN_ENTITLEMENTS = "Gmail Notifr.entitlements";
				CODE_SIGN_IDENTITY = "Mac Developer";
				"CODE_SIGN_IDENTITY[sdk=macosx*]" = "Mac Developer";
				COMBINE_HIDPI_IMAGES = YES;
				FRAMEWORK_SEARCH_PATHS = (
					"$(inherited)",
					"\"$(SRCROOT)/Libs\"",
				);
				GCC_PRECOMPILE_PREFIX_HEADER = YES;
				GCC_PREFIX_HEADER = GmailNotifr_Prefix.pch;
				INFOPLIST_FILE = Info.plist;
				MACOSX_DEPLOYMENT_TARGET = 10.8;
				PRODUCT_NAME = "$(TARGET_NAME)";
				PROVISIONING_PROFILE = "894D18E5-48D0-482D-AB82-F7C20068F474";
				WRAPPER_EXTENSION = app;
			};
			name = Debug;
		};
		1AB7FD9C16B578740040BBCE /* Release */ = {
			isa = XCBuildConfiguration;
			baseConfigurationReference = 305081CBF585414684382940 /* Pods.xcconfig */;
			buildSettings = {
				ASSETCATALOG_COMPILER_APPICON_NAME = AppIcon;
				CODE_SIGN_ENTITLEMENTS = "Gmail Notifr.entitlements";
				CODE_SIGN_IDENTITY = "Mac Developer";
				"CODE_SIGN_IDENTITY[sdk=macosx*]" = "Mac Developer";
				COMBINE_HIDPI_IMAGES = YES;
				FRAMEWORK_SEARCH_PATHS = (
					"$(inherited)",
					"\"$(SRCROOT)/Libs\"",
				);
				GCC_PRECOMPILE_PREFIX_HEADER = YES;
				GCC_PREFIX_HEADER = GmailNotifr_Prefix.pch;
				INFOPLIST_FILE = Info.plist;
				MACOSX_DEPLOYMENT_TARGET = 10.8;
				PRODUCT_NAME = "$(TARGET_NAME)";
				PROVISIONING_PROFILE = "058C6811-ADA3-4534-8A4C-13CE925C78CF";
				WRAPPER_EXTENSION = app;
			};
			name = Release;
		};
/* End XCBuildConfiguration section */

/* Begin XCConfigurationList section */
		1AB7FD7616B578740040BBCE /* Build configuration list for PBXProject "Gmail Notifr" */ = {
			isa = XCConfigurationList;
			buildConfigurations = (
				1AB7FD9816B578740040BBCE /* Debug */,
				1AB7FD9916B578740040BBCE /* Release */,
			);
			defaultConfigurationIsVisible = 0;
			defaultConfigurationName = Release;
		};
		1AB7FD9A16B578740040BBCE /* Build configuration list for PBXNativeTarget "Gmail Notifr" */ = {
			isa = XCConfigurationList;
			buildConfigurations = (
				1AB7FD9B16B578740040BBCE /* Debug */,
				1AB7FD9C16B578740040BBCE /* Release */,
			);
			defaultConfigurationIsVisible = 0;
			defaultConfigurationName = Release;
		};
/* End XCConfigurationList section */
	};
	rootObject = 1AB7FD7316B578740040BBCE /* Project object */;
}
