PODS:
  - KASeparatorLine (1.0)
  - MASShortcut (2.1.2)
  - SSKeychain (1.2.0)
  - StartAtLoginController (0.0.1)

DEPENDENCIES:
  - KASeparatorLine (~> 1.0)
  - MASShortcut
  - SSKeychain (~> 1.2.0)
  - StartAtLoginController (from `Podspecs/StartAtLoginController.podspec`)

EXTERNAL SOURCES:
  StartAtLoginController:
    :podspec: Podspecs/StartAtLoginController.podspec

CHECKOUT OPTIONS:
  StartAtLoginController:
    :commit: 8bc3633be2861f05eee069667dca5233fb17db16
    :git: https://github.com/alexzielenski/StartAtLoginController.git

SPEC CHECKSUMS:
  KASeparatorLine: 2beb11f7b70d589e4cf84f7c7a63eb99bd9676fe
  MASShortcut: 8878f7e0a218d52237c58d8a58e3f1cab49e3135
  SSKeychain: dc9746ffd1bde9dffca39b6c878cd61263e6e9a4
  StartAtLoginController: c796932ecf7efae35ef072ba19344bdd190610d8

COCOAPODS: 0.36.0
