{
  "pins" : [
    {
      "identity" : "appauth-ios",
      "kind" : "remoteSourceControl",
      "location" : "https://github.com/openid/AppAuth-iOS",
      "state" : {
        "revision" : "01131d68346c8ae552961c768d583c715fbe1410",
        "version" : "1.4.0"
      }
    },
    {
      "identity" : "google-api-objectivec-client-for-rest",
      "kind" : "remoteSourceControl",
      "location" : "https://github.com/google/google-api-objectivec-client-for-rest",
      "state" : {
        "revision" : "e6c87ff8f67e36375eefdcae79521e2942a8dd1f",
        "version" : "2.0.0"
      }
    },
    {
      "identity" : "gtm-session-fetcher",
      "kind" : "remoteSourceControl",
      "location" : "https://github.com/google/gtm-session-fetcher.git",
      "state" : {
        "revision" : "4e9bbf2808b8fee444e84a48f5f3c12641987d3e",
        "version" : "1.7.2"
      }
    },
    {
      "identity" : "gtmappauth",
      "kind" : "remoteSourceControl",
      "location" : "https://github.com/google/GTMAppAuth",
      "state" : {
        "revision" : "40f4103fb52109032c05599a0c39ad43edbdf80a",
        "version" : "1.2.2"
      }
    },
    {
      "identity" : "keyboardshortcuts",
      "kind" : "remoteSourceControl",
      "location" : "https://github.com/sindresorhus/KeyboardShortcuts",
      "state" : {
        "revision" : "a7a3ff6248b7564ef4ef2e9003672bf1b9f77ad1",
        "version" : "1.2.0"
      }
    },
    {
      "identity" : "keychainaccess",
      "kind" : "remoteSourceControl",
      "location" : "https://github.com/kishikawakatsumi/KeychainAccess",
      "state" : {
        "revision" : "84e546727d66f1adc5439debad16270d0fdd04e7",
        "version" : "4.2.2"
      }
    },
    {
      "identity" : "launchatlogin",
      "kind" : "remoteSourceControl",
      "location" : "https://github.com/sindresorhus/LaunchAtLogin",
      "state" : {
        "revision" : "7ad6331f9c38953eb1ce8737758e18f7607e984a",
        "version" : "5.0.0"
      }
    }
  ],
  "version" : 2
}
